{
  "requires": true,
  "lockfileVersion": 1,
  "dependencies": {
    "nouislider": {
      "version": "14.6.1",
      "resolved": "https://registry.npmjs.org/nouislider/-/nouislider-14.6.1.tgz",
      "integrity": "sha512-S6KvYTqhGVJQfLhbyTFATzRGNzGdDZMkWdi0To8ouAtHbgXaDHLzZZlPD8o7yb7cMiZ8+PTojEXYDc8ysLwXXQ=="
    }
  }
}
